
Microsoft Visual Studio Solution File, Format Version 12.00
# Visual Studio 15
VisualStudioVersion = 15.0.27428.1
MinimumVisualStudioVersion = 10.0.40219.1
Project("{FAE04EC0-301F-11D3-BF4B-00C04F79EFBC}") = "HomeWork_10_5", "HomeWork_10_5\HomeWork_10_5.csproj", "{47E33A29-569B-426C-AD65-960191EAFC4B}"
EndProject
Global
	GlobalSection(SolutionConfigurationPlatforms) = preSolution
		Debug|Any CPU = Debug|Any CPU
		Release|Any CPU = Release|Any CPU
	EndGlobalSection
	GlobalSection(ProjectConfigurationPlatforms) = postSolution
		{47E33A29-569B-426C-AD65-960191EAFC4B}.Debug|Any CPU.ActiveCfg = Debug|Any CPU
		{47E33A29-569B-426C-AD65-960191EAFC4B}.Debug|Any CPU.Build.0 = Debug|Any CPU
		{47E33A29-569B-426C-AD65-960191EAFC4B}.Release|Any CPU.ActiveCfg = Release|Any CPU
		{47E33A29-569B-426C-AD65-960191EAFC4B}.Release|Any CPU.Build.0 = Release|Any CPU
	EndGlobalSection
	GlobalSection(SolutionProperties) = preSolution
		HideSolutionNode = FALSE
	EndGlobalSection
	GlobalSection(ExtensibilityGlobals) = postSolution
		SolutionGuid = {75953E6F-D4FB-4407-9487-CA11EC8B9B05}
	EndGlobalSection
EndGlobal
